github.com/HugoBlox/kit/modules/analytics v0.3.1/go.mod h1:B0DPb/ZHR713/rzAxWoUqOwGP+ZuX2kT8DHkJsgUPa8=
github.com/HugoBlox/kit/modules/blox v0.0.0-20260502203050-b8ad5540288a/go.mod h1:0F2Ss2NeylmaBP7+qx0U6zFPeMZ9NoLbAQakKXDqygo=
github.com/HugoBlox/kit/modules/integrations/netlify v0.0.0-20260327032542-ef8ed449c7e8/go.mod h1:UuppRGml2K1EmlDkN+HemycohgZLjOy0QPGYOnoPnY4=
github.com/HugoBlox/kit/modules/slides v0.0.0-20260330182742-6a2f1ba2aeb5/go.mod h1:/XTQAtd2KCiwg/GVMAoSzKPf/DYPVbAAEysmBdWgYu4=
